// !$*UTF8*$!
{
	archiveVersion = 1;
	classes = {
	};
	objectVersion = 46;
	objects = {

/* Begin PBXBuildFile section */
		9502C2FC1CB6954E009DAFBA /* Inventory.swift in Sources */ = {isa = PBXBuildFile; fileRef = 9502C2FA1CB6954E009DAFBA /* Inventory.swift */; };
		9502C3001CB69754009DAFBA /* InventoryItem.swift in Sources */ = {isa = PBXBuildFile; fileRef = 9502C2FE1CB69754009DAFBA /* InventoryItem.swift */; };
		9502C3041CB69777009DAFBA /* WeaponInventoryItem.swift in Sources */ = {isa = PBXBuildFile; fileRef = 9502C3021CB69777009DAFBA /* WeaponInventoryItem.swift */; };
		9502C3081CB6979C009DAFBA /* ArmorInventoryItem.swift in Sources */ = {isa = PBXBuildFile; fileRef = 9502C3061CB6979C009DAFBA /* ArmorInventoryItem.swift */; };
		9502C30A1CB6A9D7009DAFBA /* InventoryTableCells.swift in Sources */ = {isa = PBXBuildFile; fileRef = 9502C3091CB6A9D7009DAFBA /* InventoryTableCells.swift */; };
		9502C30C1CB7EE99009DAFBA /* AddItemTabController.swift in Sources */ = {isa = PBXBuildFile; fileRef = 9502C30B1CB7EE99009DAFBA /* AddItemTabController.swift */; };
		951AA0F51CB1624F00D399D5 /* PersonalSpellTableHeader.xib in Resources */ = {isa = PBXBuildFile; fileRef = 951AA0F41CB1624E00D399D5 /* PersonalSpellTableHeader.xib */; };
		951B4AF01CB4883D008A04F2 /* InventoryViewController.swift in Sources */ = {isa = PBXBuildFile; fileRef = 951B4AEF1CB4883D008A04F2 /* InventoryViewController.swift */; };
		954167781CDD4F6700C65BDD /* InitTests.swift in Sources */ = {isa = PBXBuildFile; fileRef = 954167771CDD4F6700C65BDD /* InitTests.swift */; };
		954481A11CDE480300AC1C82 /* OtherNotesViewController.swift in Sources */ = {isa = PBXBuildFile; fileRef = 954481A01CDE480300AC1C82 /* OtherNotesViewController.swift */; };
		954481A51CDE4EDB00AC1C82 /* OtherNotesStrings.swift in Sources */ = {isa = PBXBuildFile; fileRef = 954481A31CDE4EDB00AC1C82 /* OtherNotesStrings.swift */; };
		954481A71CDFDC6500AC1C82 /* SkillTableCells.swift in Sources */ = {isa = PBXBuildFile; fileRef = 954481A61CDFDC6500AC1C82 /* SkillTableCells.swift */; };
		954481AC1CDFFC7600AC1C82 /* ArmorHeader.xib in Resources */ = {isa = PBXBuildFile; fileRef = 954481AB1CDFFC7600AC1C82 /* ArmorHeader.xib */; };
		954481AE1CDFFDB300AC1C82 /* WeaponHeader.xib in Resources */ = {isa = PBXBuildFile; fileRef = 954481AD1CDFFDB300AC1C82 /* WeaponHeader.xib */; };
		954481B01CDFFE9400AC1C82 /* ItemHeader.xib in Resources */ = {isa = PBXBuildFile; fileRef = 954481AF1CDFFE9400AC1C82 /* ItemHeader.xib */; };
		955662A81C570B8E00F5C014 /* CSViewController.swift in Sources */ = {isa = PBXBuildFile; fileRef = 955662A71C570B8E00F5C014 /* CSViewController.swift */; };
		9558A0291CA0DD160037521B /* CollectionViewCells.swift in Sources */ = {isa = PBXBuildFile; fileRef = 9558A0281CA0DD160037521B /* CollectionViewCells.swift */; };
		95649CD91CD595FF002C58A2 /* CustomFeatViewController.swift in Sources */ = {isa = PBXBuildFile; fileRef = 95649CD81CD595FF002C58A2 /* CustomFeatViewController.swift */; };
		95692EB81C5AFE1700DD591D /* Race.swift in Sources */ = {isa = PBXBuildFile; fileRef = 95692EB71C5AFE1700DD591D /* Race.swift */; };
		9576C6831CB1F47800D130AA /* SpellDetailViewController.swift in Sources */ = {isa = PBXBuildFile; fileRef = 9576C6821CB1F47800D130AA /* SpellDetailViewController.swift */; };
		957E15BD1C7E891900391977 /* FeaturesViewController.swift in Sources */ = {isa = PBXBuildFile; fileRef = 957E15BC1C7E891900391977 /* FeaturesViewController.swift */; };
		95809ECC1CA5CF0400863E9D /* Spell.swift in Sources */ = {isa = PBXBuildFile; fileRef = 95809ECA1CA5CF0400863E9D /* Spell.swift */; };
		958CBAB01C56E10E00AD833A /* AppDelegate.swift in Sources */ = {isa = PBXBuildFile; fileRef = 958CBAAF1C56E10E00AD833A /* AppDelegate.swift */; };
		958CBAB21C56E10F00AD833A /* RootViewController.swift in Sources */ = {isa = PBXBuildFile; fileRef = 958CBAB11C56E10F00AD833A /* RootViewController.swift */; };
		958CBAB61C56E10F00AD833A /* ModelController.swift in Sources */ = {isa = PBXBuildFile; fileRef = 958CBAB51C56E10F00AD833A /* ModelController.swift */; };
		958CBAB91C56E10F00AD833A /* Main.storyboard in Resources */ = {isa = PBXBuildFile; fileRef = 958CBAB71C56E10F00AD833A /* Main.storyboard */; };
		958CBABB1C56E10F00AD833A /* Assets.xcassets in Resources */ = {isa = PBXBuildFile; fileRef = 958CBABA1C56E10F00AD833A /* Assets.xcassets */; };
		958CBABE1C56E10F00AD833A /* LaunchScreen.storyboard in Resources */ = {isa = PBXBuildFile; fileRef = 958CBABC1C56E10F00AD833A /* LaunchScreen.storyboard */; };
		958CBAC91C56E10F00AD833A /* CharacterSheetTests.swift in Sources */ = {isa = PBXBuildFile; fileRef = 958CBAC81C56E10F00AD833A /* CharacterSheetTests.swift */; };
		958CBAD41C56E11000AD833A /* CharacterSheetUITests.swift in Sources */ = {isa = PBXBuildFile; fileRef = 958CBAD31C56E11000AD833A /* CharacterSheetUITests.swift */; };
		958CBAE31C56E17900AD833A /* AScores.swift in Sources */ = {isa = PBXBuildFile; fileRef = 958CBAE21C56E17900AD833A /* AScores.swift */; };
		958CBAE51C56E27600AD833A /* AScore.swift in Sources */ = {isa = PBXBuildFile; fileRef = 958CBAE41C56E27600AD833A /* AScore.swift */; };
		959370B71CA5ADA2000E5734 /* SummaryViewController.swift in Sources */ = {isa = PBXBuildFile; fileRef = 959370B61CA5ADA2000E5734 /* SummaryViewController.swift */; };
		959370B91CA5ADD5000E5734 /* AbilityScoreViewController.swift in Sources */ = {isa = PBXBuildFile; fileRef = 959370B81CA5ADD5000E5734 /* AbilityScoreViewController.swift */; };
		959A30591C790AC900ED83A1 /* SkillViewController.swift in Sources */ = {isa = PBXBuildFile; fileRef = 959A30581C790AC900ED83A1 /* SkillViewController.swift */; };
		959B70E01CCAC57600164774 /* CSVCHandler.swift in Sources */ = {isa = PBXBuildFile; fileRef = 959B70DF1CCAC57500164774 /* CSVCHandler.swift */; };
		959B70E21CCAD67300164774 /* CSSplitViewController.swift in Sources */ = {isa = PBXBuildFile; fileRef = 959B70E11CCAD67300164774 /* CSSplitViewController.swift */; };
		959B70E71CD4F9B800164774 /* Subclass.swift in Sources */ = {isa = PBXBuildFile; fileRef = 959B70E51CD4F9B700164774 /* Subclass.swift */; };
		95A22B691CA87A44008AA143 /* SpellTableCells.swift in Sources */ = {isa = PBXBuildFile; fileRef = 95A22B681CA87A44008AA143 /* SpellTableCells.swift */; };
		95A22B6D1CA9DCD4008AA143 /* PersonalSpellList.swift in Sources */ = {isa = PBXBuildFile; fileRef = 95A22B6B1CA9DCD4008AA143 /* PersonalSpellList.swift */; };
		95A4F7091CD651360094BBD4 /* AbilityScoreTableCells.swift in Sources */ = {isa = PBXBuildFile; fileRef = 95A4F7081CD651360094BBD4 /* AbilityScoreTableCells.swift */; };
		95B029D51C601D5300DC0F3C /* DataModel.xcdatamodeld in Sources */ = {isa = PBXBuildFile; fileRef = 95B029D31C601D5300DC0F3C /* DataModel.xcdatamodeld */; };
		95B7A59E1C7FD910008895CA /* Feature.swift in Sources */ = {isa = PBXBuildFile; fileRef = 95B7A59C1C7FD910008895CA /* Feature.swift */; };
		95B7A5A21C7FDB27008895CA /* BackgroundFeature.swift in Sources */ = {isa = PBXBuildFile; fileRef = 95B7A5A01C7FDB27008895CA /* BackgroundFeature.swift */; };
		95B7A5A61C7FDB4D008895CA /* RaceFeature.swift in Sources */ = {isa = PBXBuildFile; fileRef = 95B7A5A41C7FDB4D008895CA /* RaceFeature.swift */; };
		95B7A5AA1C7FDB76008895CA /* FeatureList.swift in Sources */ = {isa = PBXBuildFile; fileRef = 95B7A5A81C7FDB76008895CA /* FeatureList.swift */; };
		95CF73AF1CA6E863005AD5C8 /* SpellList.swift in Sources */ = {isa = PBXBuildFile; fileRef = 95CF73AD1CA6E863005AD5C8 /* SpellList.swift */; };
		95CF73B11CA73F46005AD5C8 /* SpellViewController.swift in Sources */ = {isa = PBXBuildFile; fileRef = 95CF73B01CA73F46005AD5C8 /* SpellViewController.swift */; };
		95CF73B31CA764C2005AD5C8 /* CSNavigationController.swift in Sources */ = {isa = PBXBuildFile; fileRef = 95CF73B21CA764C2005AD5C8 /* CSNavigationController.swift */; };
		95CF73B51CA76DF2005AD5C8 /* AddSpellViewController.swift in Sources */ = {isa = PBXBuildFile; fileRef = 95CF73B41CA76DF2005AD5C8 /* AddSpellViewController.swift */; };
		95D10E7E1C9605EE00ACDAC8 /* TraitsViewController.swift in Sources */ = {isa = PBXBuildFile; fileRef = 95D10E7D1C9605EE00ACDAC8 /* TraitsViewController.swift */; };
		95D10E801C960A7400ACDAC8 /* Traits.swift in Sources */ = {isa = PBXBuildFile; fileRef = 95D10E7F1C960A7400ACDAC8 /* Traits.swift */; };
		95D124D01C9A57E600AC4CDF /* EditTraitViewController.swift in Sources */ = {isa = PBXBuildFile; fileRef = 95D124CF1C9A57E500AC4CDF /* EditTraitViewController.swift */; };
		95D31F081CD95DE200958F9A /* FeatureDetailViewController.swift in Sources */ = {isa = PBXBuildFile; fileRef = 95D31F071CD95DE200958F9A /* FeatureDetailViewController.swift */; };
		95DA20C01C79149F001E66A2 /* SkillProfs.swift in Sources */ = {isa = PBXBuildFile; fileRef = 95DA20BE1C79149F001E66A2 /* SkillProfs.swift */; };
		95DD0EE21C82459600D456D2 /* CharacterSelectViewController.swift in Sources */ = {isa = PBXBuildFile; fileRef = 95DD0EE11C82459600D456D2 /* CharacterSelectViewController.swift */; };
		95E3DD901C839D42008736D1 /* Feat.swift in Sources */ = {isa = PBXBuildFile; fileRef = 95E3DD8E1C839D42008736D1 /* Feat.swift */; };
		95EDE1F21C7BEF0500554520 /* Background.swift in Sources */ = {isa = PBXBuildFile; fileRef = 95EDE1F01C7BEF0500554520 /* Background.swift */; };
		95F7D6201C73D55A00FE3D58 /* PCharacter.swift in Sources */ = {isa = PBXBuildFile; fileRef = 95F7D61F1C73D55A00FE3D58 /* PCharacter.swift */; };
		95F7D6261C7405EC00FE3D58 /* PClass.swift in Sources */ = {isa = PBXBuildFile; fileRef = 95F7D6241C7405EC00FE3D58 /* PClass.swift */; };
/* End PBXBuildFile section */

/* Begin PBXContainerItemProxy section */
		958CBAC51C56E10F00AD833A /* PBXContainerItemProxy */ = {
			isa = PBXContainerItemProxy;
			containerPortal = 958CBAA41C56E10E00AD833A /* Project object */;
			proxyType = 1;
			remoteGlobalIDString = 958CBAAB1C56E10E00AD833A;
			remoteInfo = CharacterSheet;
		};
		958CBAD01C56E10F00AD833A /* PBXContainerItemProxy */ = {
			isa = PBXContainerItemProxy;
			containerPortal = 958CBAA41C56E10E00AD833A /* Project object */;
			proxyType = 1;
			remoteGlobalIDString = 958CBAAB1C56E10E00AD833A;
			remoteInfo = CharacterSheet;
		};
/* End PBXContainerItemProxy section */

/* Begin PBXFileReference section */
		9502C2FA1CB6954E009DAFBA /* Inventory.swift */ = {isa = PBXFileReference; fileEncoding = 4; lastKnownFileType = sourcecode.swift; path = Inventory.swift; sourceTree = "<group>"; };
		9502C2FE1CB69754009DAFBA /* InventoryItem.swift */ = {isa = PBXFileReference; fileEncoding = 4; lastKnownFileType = sourcecode.swift; path = InventoryItem.swift; sourceTree = "<group>"; };
		9502C3021CB69777009DAFBA /* WeaponInventoryItem.swift */ = {isa = PBXFileReference; fileEncoding = 4; lastKnownFileType = sourcecode.swift; path = WeaponInventoryItem.swift; sourceTree = "<group>"; };
		9502C3061CB6979C009DAFBA /* ArmorInventoryItem.swift */ = {isa = PBXFileReference; fileEncoding = 4; lastKnownFileType = sourcecode.swift; path = ArmorInventoryItem.swift; sourceTree = "<group>"; };
		9502C3091CB6A9D7009DAFBA /* InventoryTableCells.swift */ = {isa = PBXFileReference; fileEncoding = 4; lastKnownFileType = sourcecode.swift; path = InventoryTableCells.swift; sourceTree = "<group>"; };
		9502C30B1CB7EE99009DAFBA /* AddItemTabController.swift */ = {isa = PBXFileReference; fileEncoding = 4; lastKnownFileType = sourcecode.swift; path = AddItemTabController.swift; sourceTree = "<group>"; };
		951AA0F41CB1624E00D399D5 /* PersonalSpellTableHeader.xib */ = {isa = PBXFileReference; fileEncoding = 4; lastKnownFileType = file.xib; path = PersonalSpellTableHeader.xib; sourceTree = "<group>"; };
		951B4AEF1CB4883D008A04F2 /* InventoryViewController.swift */ = {isa = PBXFileReference; fileEncoding = 4; lastKnownFileType = sourcecode.swift; path = InventoryViewController.swift; sourceTree = "<group>"; };
		954167771CDD4F6700C65BDD /* InitTests.swift */ = {isa = PBXFileReference; fileEncoding = 4; lastKnownFileType = sourcecode.swift; path = InitTests.swift; sourceTree = "<group>"; };
		954481A01CDE480300AC1C82 /* OtherNotesViewController.swift */ = {isa = PBXFileReference; fileEncoding = 4; lastKnownFileType = sourcecode.swift; path = OtherNotesViewController.swift; sourceTree = "<group>"; };
		954481A31CDE4EDB00AC1C82 /* OtherNotesStrings.swift */ = {isa = PBXFileReference; fileEncoding = 4; lastKnownFileType = sourcecode.swift; path = OtherNotesStrings.swift; sourceTree = "<group>"; };
		954481A61CDFDC6500AC1C82 /* SkillTableCells.swift */ = {isa = PBXFileReference; fileEncoding = 4; lastKnownFileType = sourcecode.swift; path = SkillTableCells.swift; sourceTree = "<group>"; };
		954481AB1CDFFC7600AC1C82 /* ArmorHeader.xib */ = {isa = PBXFileReference; fileEncoding = 4; lastKnownFileType = file.xib; path = ArmorHeader.xib; sourceTree = "<group>"; };
		954481AD1CDFFDB300AC1C82 /* WeaponHeader.xib */ = {isa = PBXFileReference; fileEncoding = 4; lastKnownFileType = file.xib; path = WeaponHeader.xib; sourceTree = "<group>"; };
		954481AF1CDFFE9400AC1C82 /* ItemHeader.xib */ = {isa = PBXFileReference; fileEncoding = 4; lastKnownFileType = file.xib; path = ItemHeader.xib; sourceTree = "<group>"; };
		955662A71C570B8E00F5C014 /* CSViewController.swift */ = {isa = PBXFileReference; fileEncoding = 4; lastKnownFileType = sourcecode.swift; path = CSViewController.swift; sourceTree = "<group>"; };
		9558A0281CA0DD160037521B /* CollectionViewCells.swift */ = {isa = PBXFileReference; fileEncoding = 4; lastKnownFileType = sourcecode.swift; path = CollectionViewCells.swift; sourceTree = "<group>"; };
		95649CD81CD595FF002C58A2 /* CustomFeatViewController.swift */ = {isa = PBXFileReference; fileEncoding = 4; lastKnownFileType = sourcecode.swift; path = CustomFeatViewController.swift; sourceTree = "<group>"; };
		95692EB71C5AFE1700DD591D /* Race.swift */ = {isa = PBXFileReference; fileEncoding = 4; lastKnownFileType = sourcecode.swift; path = Race.swift; sourceTree = "<group>"; };
		9576C6821CB1F47800D130AA /* SpellDetailViewController.swift */ = {isa = PBXFileReference; fileEncoding = 4; lastKnownFileType = sourcecode.swift; path = SpellDetailViewController.swift; sourceTree = "<group>"; };
		957E15BC1C7E891900391977 /* FeaturesViewController.swift */ = {isa = PBXFileReference; fileEncoding = 4; lastKnownFileType = sourcecode.swift; path = FeaturesViewController.swift; sourceTree = "<group>"; };
		95809ECA1CA5CF0400863E9D /* Spell.swift */ = {isa = PBXFileReference; fileEncoding = 4; lastKnownFileType = sourcecode.swift; path = Spell.swift; sourceTree = "<group>"; };
		958CBAAC1C56E10E00AD833A /* CharacterSheet.app */ = {isa = PBXFileReference; explicitFileType = wrapper.application; includeInIndex = 0; path = CharacterSheet.app; sourceTree = BUILT_PRODUCTS_DIR; };
		958CBAAF1C56E10E00AD833A /* AppDelegate.swift */ = {isa = PBXFileReference; lastKnownFileType = sourcecode.swift; path = AppDelegate.swift; sourceTree = "<group>"; };
		958CBAB11C56E10F00AD833A /* RootViewController.swift */ = {isa = PBXFileReference; lastKnownFileType = sourcecode.swift; path = RootViewController.swift; sourceTree = "<group>"; };
		958CBAB51C56E10F00AD833A /* ModelController.swift */ = {isa = PBXFileReference; lastKnownFileType = sourcecode.swift; path = ModelController.swift; sourceTree = "<group>"; };
		958CBAB81C56E10F00AD833A /* Base */ = {isa = PBXFileReference; lastKnownFileType = file.storyboard; name = Base; path = Base.lproj/Main.storyboard; sourceTree = "<group>"; };
		958CBABA1C56E10F00AD833A /* Assets.xcassets */ = {isa = PBXFileReference; lastKnownFileType = folder.assetcatalog; path = Assets.xcassets; sourceTree = "<group>"; };
		958CBABD1C56E10F00AD833A /* Base */ = {isa = PBXFileReference; lastKnownFileType = file.storyboard; name = Base; path = Base.lproj/LaunchScreen.storyboard; sourceTree = "<group>"; };
		958CBABF1C56E10F00AD833A /* Info.plist */ = {isa = PBXFileReference; lastKnownFileType = text.plist.xml; path = Info.plist; sourceTree = "<group>"; };
		958CBAC41C56E10F00AD833A /* CharacterSheetTests.xctest */ = {isa = PBXFileReference; explicitFileType = wrapper.cfbundle; includeInIndex = 0; path = CharacterSheetTests.xctest; sourceTree = BUILT_PRODUCTS_DIR; };
		958CBAC81C56E10F00AD833A /* CharacterSheetTests.swift */ = {isa = PBXFileReference; lastKnownFileType = sourcecode.swift; path = CharacterSheetTests.swift; sourceTree = "<group>"; };
		958CBACA1C56E10F00AD833A /* Info.plist */ = {isa = PBXFileReference; lastKnownFileType = text.plist.xml; path = Info.plist; sourceTree = "<group>"; };
		958CBACF1C56E10F00AD833A /* CharacterSheetUITests.xctest */ = {isa = PBXFileReference; explicitFileType = wrapper.cfbundle; includeInIndex = 0; path = CharacterSheetUITests.xctest; sourceTree = BUILT_PRODUCTS_DIR; };
		958CBAD31C56E11000AD833A /* CharacterSheetUITests.swift */ = {isa = PBXFileReference; lastKnownFileType = sourcecode.swift; path = CharacterSheetUITests.swift; sourceTree = "<group>"; };
		958CBAD51C56E11000AD833A /* Info.plist */ = {isa = PBXFileReference; lastKnownFileType = text.plist.xml; path = Info.plist; sourceTree = "<group>"; };
		958CBAE21C56E17900AD833A /* AScores.swift */ = {isa = PBXFileReference; fileEncoding = 4; lastKnownFileType = sourcecode.swift; path = AScores.swift; sourceTree = "<group>"; };
		958CBAE41C56E27600AD833A /* AScore.swift */ = {isa = PBXFileReference; fileEncoding = 4; lastKnownFileType = sourcecode.swift; path = AScore.swift; sourceTree = "<group>"; };
		959370B61CA5ADA2000E5734 /* SummaryViewController.swift */ = {isa = PBXFileReference; fileEncoding = 4; lastKnownFileType = sourcecode.swift; path = SummaryViewController.swift; sourceTree = "<group>"; };
		959370B81CA5ADD5000E5734 /* AbilityScoreViewController.swift */ = {isa = PBXFileReference; fileEncoding = 4; lastKnownFileType = sourcecode.swift; path = AbilityScoreViewController.swift; sourceTree = "<group>"; };
		959A30581C790AC900ED83A1 /* SkillViewController.swift */ = {isa = PBXFileReference; fileEncoding = 4; lastKnownFileType = sourcecode.swift; path = SkillViewController.swift; sourceTree = "<group>"; };
		959B70DF1CCAC57500164774 /* CSVCHandler.swift */ = {isa = PBXFileReference; fileEncoding = 4; lastKnownFileType = sourcecode.swift; path = CSVCHandler.swift; sourceTree = "<group>"; };
		959B70E11CCAD67300164774 /* CSSplitViewController.swift */ = {isa = PBXFileReference; fileEncoding = 4; lastKnownFileType = sourcecode.swift; path = CSSplitViewController.swift; sourceTree = "<group>"; };
		959B70E51CD4F9B700164774 /* Subclass.swift */ = {isa = PBXFileReference; fileEncoding = 4; lastKnownFileType = sourcecode.swift; path = Subclass.swift; sourceTree = "<group>"; };
		95A22B681CA87A44008AA143 /* SpellTableCells.swift */ = {isa = PBXFileReference; fileEncoding = 4; lastKnownFileType = sourcecode.swift; path = SpellTableCells.swift; sourceTree = "<group>"; };
		95A22B6B1CA9DCD4008AA143 /* PersonalSpellList.swift */ = {isa = PBXFileReference; fileEncoding = 4; lastKnownFileType = sourcecode.swift; path = PersonalSpellList.swift; sourceTree = "<group>"; };
		95A4F7081CD651360094BBD4 /* AbilityScoreTableCells.swift */ = {isa = PBXFileReference; fileEncoding = 4; lastKnownFileType = sourcecode.swift; path = AbilityScoreTableCells.swift; sourceTree = "<group>"; };
		95B029D41C601D5300DC0F3C /* DataModel.xcdatamodel */ = {isa = PBXFileReference; lastKnownFileType = wrapper.xcdatamodel; path = DataModel.xcdatamodel; sourceTree = "<group>"; };
		95B7A59C1C7FD910008895CA /* Feature.swift */ = {isa = PBXFileReference; fileEncoding = 4; lastKnownFileType = sourcecode.swift; path = Feature.swift; sourceTree = "<group>"; };
		95B7A5A01C7FDB27008895CA /* BackgroundFeature.swift */ = {isa = PBXFileReference; fileEncoding = 4; lastKnownFileType = sourcecode.swift; path = BackgroundFeature.swift; sourceTree = "<group>"; };
		95B7A5A41C7FDB4D008895CA /* RaceFeature.swift */ = {isa = PBXFileReference; fileEncoding = 4; lastKnownFileType = sourcecode.swift; name = RaceFeature.swift; path = ../RaceFeature.swift; sourceTree = "<group>"; };
		95B7A5A81C7FDB76008895CA /* FeatureList.swift */ = {isa = PBXFileReference; fileEncoding = 4; lastKnownFileType = sourcecode.swift; path = FeatureList.swift; sourceTree = "<group>"; };
		95CF73AD1CA6E863005AD5C8 /* SpellList.swift */ = {isa = PBXFileReference; fileEncoding = 4; lastKnownFileType = sourcecode.swift; path = SpellList.swift; sourceTree = "<group>"; };
		95CF73B01CA73F46005AD5C8 /* SpellViewController.swift */ = {isa = PBXFileReference; fileEncoding = 4; lastKnownFileType = sourcecode.swift; path = SpellViewController.swift; sourceTree = "<group>"; };
		95CF73B21CA764C2005AD5C8 /* CSNavigationController.swift */ = {isa = PBXFileReference; fileEncoding = 4; lastKnownFileType = sourcecode.swift; path = CSNavigationController.swift; sourceTree = "<group>"; };
		95CF73B41CA76DF2005AD5C8 /* AddSpellViewController.swift */ = {isa = PBXFileReference; fileEncoding = 4; lastKnownFileType = sourcecode.swift; path = AddSpellViewController.swift; sourceTree = "<group>"; };
		95D10E7D1C9605EE00ACDAC8 /* TraitsViewController.swift */ = {isa = PBXFileReference; fileEncoding = 4; lastKnownFileType = sourcecode.swift; path = TraitsViewController.swift; sourceTree = "<group>"; };
		95D10E7F1C960A7400ACDAC8 /* Traits.swift */ = {isa = PBXFileReference; fileEncoding = 4; lastKnownFileType = sourcecode.swift; path = Traits.swift; sourceTree = "<group>"; };
		95D124CF1C9A57E500AC4CDF /* EditTraitViewController.swift */ = {isa = PBXFileReference; fileEncoding = 4; lastKnownFileType = sourcecode.swift; path = EditTraitViewController.swift; sourceTree = "<group>"; };
		95D31F071CD95DE200958F9A /* FeatureDetailViewController.swift */ = {isa = PBXFileReference; fileEncoding = 4; lastKnownFileType = sourcecode.swift; path = FeatureDetailViewController.swift; sourceTree = "<group>"; };
		95DA20BE1C79149F001E66A2 /* SkillProfs.swift */ = {isa = PBXFileReference; fileEncoding = 4; lastKnownFileType = sourcecode.swift; path = SkillProfs.swift; sourceTree = "<group>"; };
		95DD0EE11C82459600D456D2 /* CharacterSelectViewController.swift */ = {isa = PBXFileReference; fileEncoding = 4; lastKnownFileType = sourcecode.swift; path = CharacterSelectViewController.swift; sourceTree = "<group>"; };
		95E3DD8E1C839D42008736D1 /* Feat.swift */ = {isa = PBXFileReference; fileEncoding = 4; lastKnownFileType = sourcecode.swift; path = Feat.swift; sourceTree = "<group>"; };
		95EDE1F01C7BEF0500554520 /* Background.swift */ = {isa = PBXFileReference; fileEncoding = 4; lastKnownFileType = sourcecode.swift; path = Background.swift; sourceTree = "<group>"; };
		95F7D61F1C73D55A00FE3D58 /* PCharacter.swift */ = {isa = PBXFileReference; fileEncoding = 4; lastKnownFileType = sourcecode.swift; path = PCharacter.swift; sourceTree = "<group>"; };
		95F7D6241C7405EC00FE3D58 /* PClass.swift */ = {isa = PBXFileReference; fileEncoding = 4; lastKnownFileType = sourcecode.swift; path = PClass.swift; sourceTree = "<group>"; };
/* End PBXFileReference section */

/* Begin PBXFrameworksBuildPhase section */
		958CBAA91C56E10E00AD833A /* Frameworks */ = {
			isa = PBXFrameworksBuildPhase;
			buildActionMask = 2147483647;
			files = (
			);
			runOnlyForDeploymentPostprocessing = 0;
		};
		958CBAC11C56E10F00AD833A /* Frameworks */ = {
			isa = PBXFrameworksBuildPhase;
			buildActionMask = 2147483647;
			files = (
			);
			runOnlyForDeploymentPostprocessing = 0;
		};
		958CBACC1C56E10F00AD833A /* Frameworks */ = {
			isa = PBXFrameworksBuildPhase;
			buildActionMask = 2147483647;
			files = (
			);
			runOnlyForDeploymentPostprocessing = 0;
		};
/* End PBXFrameworksBuildPhase section */

/* Begin PBXGroup section */
		9502C2F61CB694F6009DAFBA /* Spells */ = {
			isa = PBXGroup;
			children = (
				95809ECA1CA5CF0400863E9D /* Spell.swift */,
				95CF73AD1CA6E863005AD5C8 /* SpellList.swift */,
				95A22B6B1CA9DCD4008AA143 /* PersonalSpellList.swift */,
			);
			name = Spells;
			sourceTree = "<group>";
		};
		9502C2F71CB6950A009DAFBA /* Features */ = {
			isa = PBXGroup;
			children = (
				95B7A5A81C7FDB76008895CA /* FeatureList.swift */,
				95B7A5A41C7FDB4D008895CA /* RaceFeature.swift */,
				95B7A5A01C7FDB27008895CA /* BackgroundFeature.swift */,
				95B7A59C1C7FD910008895CA /* Feature.swift */,
				95E3DD8E1C839D42008736D1 /* Feat.swift */,
			);
			name = Features;
			sourceTree = "<group>";
		};
		9502C2F81CB69521009DAFBA /* Inventory */ = {
			isa = PBXGroup;
			children = (
				9502C2FA1CB6954E009DAFBA /* Inventory.swift */,
				9502C2FE1CB69754009DAFBA /* InventoryItem.swift */,
				9502C3021CB69777009DAFBA /* WeaponInventoryItem.swift */,
				9502C3061CB6979C009DAFBA /* ArmorInventoryItem.swift */,
			);
			name = Inventory;
			sourceTree = "<group>";
		};
		9502C30D1CB817E8009DAFBA /* Spell ViewControllers */ = {
			isa = PBXGroup;
			children = (
				95CF73B01CA73F46005AD5C8 /* SpellViewController.swift */,
				95CF73B41CA76DF2005AD5C8 /* AddSpellViewController.swift */,
				9576C6821CB1F47800D130AA /* SpellDetailViewController.swift */,
				95A22B681CA87A44008AA143 /* SpellTableCells.swift */,
				951AA0F41CB1624E00D399D5 /* PersonalSpellTableHeader.xib */,
			);
			name = "Spell ViewControllers";
			sourceTree = "<group>";
		};
		9502C30E1CB817F7009DAFBA /* Inventory ViewControllers */ = {
			isa = PBXGroup;
			children = (
				951B4AEF1CB4883D008A04F2 /* InventoryViewController.swift */,
				9502C30B1CB7EE99009DAFBA /* AddItemTabController.swift */,
				9502C3091CB6A9D7009DAFBA /* InventoryTableCells.swift */,
				954481AB1CDFFC7600AC1C82 /* ArmorHeader.xib */,
				954481AD1CDFFDB300AC1C82 /* WeaponHeader.xib */,
				954481AF1CDFFE9400AC1C82 /* ItemHeader.xib */,
			);
			name = "Inventory ViewControllers";
			sourceTree = "<group>";
		};
		9502C30F1CB81804009DAFBA /* Trait ViewControllers */ = {
			isa = PBXGroup;
			children = (
				95D10E7D1C9605EE00ACDAC8 /* TraitsViewController.swift */,
				95D124CF1C9A57E500AC4CDF /* EditTraitViewController.swift */,
			);
			name = "Trait ViewControllers";
			sourceTree = "<group>";
		};
		954481A81CDFDF2F00AC1C82 /* Skill ViewControllers */ = {
			isa = PBXGroup;
			children = (
				959A30581C790AC900ED83A1 /* SkillViewController.swift */,
				954481A61CDFDC6500AC1C82 /* SkillTableCells.swift */,
			);
			name = "Skill ViewControllers";
			sourceTree = "<group>";
		};
		955662A61C570B7600F5C014 /* ViewControllers */ = {
			isa = PBXGroup;
			children = (
				959B70E31CCAD6B200164774 /* Navigation */,
				958CBAB11C56E10F00AD833A /* RootViewController.swift */,
				958CBAB51C56E10F00AD833A /* ModelController.swift */,
				955662A71C570B8E00F5C014 /* CSViewController.swift */,
				95DD0EE11C82459600D456D2 /* CharacterSelectViewController.swift */,
				959370B61CA5ADA2000E5734 /* SummaryViewController.swift */,
				9558A0281CA0DD160037521B /* CollectionViewCells.swift */,
				95A4F70A1CD6513E0094BBD4 /* AbilityScore ViewControllers */,
				954481A81CDFDF2F00AC1C82 /* Skill ViewControllers */,
				95649CDA1CD59647002C58A2 /* Features ViewControllers */,
				9502C30F1CB81804009DAFBA /* Trait ViewControllers */,
				9502C30E1CB817F7009DAFBA /* Inventory ViewControllers */,
				9502C30D1CB817E8009DAFBA /* Spell ViewControllers */,
				954481A01CDE480300AC1C82 /* OtherNotesViewController.swift */,
			);
			name = ViewControllers;
			sourceTree = "<group>";
		};
		95649CDA1CD59647002C58A2 /* Features ViewControllers */ = {
			isa = PBXGroup;
			children = (
				957E15BC1C7E891900391977 /* FeaturesViewController.swift */,
				95649CD81CD595FF002C58A2 /* CustomFeatViewController.swift */,
				95D31F071CD95DE200958F9A /* FeatureDetailViewController.swift */,
			);
			name = "Features ViewControllers";
			sourceTree = "<group>";
		};
		958CBAA31C56E10E00AD833A = {
			isa = PBXGroup;
			children = (
				958CBAAE1C56E10E00AD833A /* CharacterSheet */,
				958CBAC71C56E10F00AD833A /* CharacterSheetTests */,
				958CBAD21C56E11000AD833A /* CharacterSheetUITests */,
				958CBAAD1C56E10E00AD833A /* Products */,
			);
			sourceTree = "<group>";
		};
		958CBAAD1C56E10E00AD833A /* Products */ = {
			isa = PBXGroup;
			children = (
				958CBAAC1C56E10E00AD833A /* CharacterSheet.app */,
				958CBAC41C56E10F00AD833A /* CharacterSheetTests.xctest */,
				958CBACF1C56E10F00AD833A /* CharacterSheetUITests.xctest */,
			);
			name = Products;
			sourceTree = "<group>";
		};
		958CBAAE1C56E10E00AD833A /* CharacterSheet */ = {
			isa = PBXGroup;
			children = (
				958CBAE11C56E15B00AD833A /* Model */,
				958CBAAF1C56E10E00AD833A /* AppDelegate.swift */,
				955662A61C570B7600F5C014 /* ViewControllers */,
				958CBAB71C56E10F00AD833A /* Main.storyboard */,
				958CBABA1C56E10F00AD833A /* Assets.xcassets */,
				958CBABC1C56E10F00AD833A /* LaunchScreen.storyboard */,
				958CBABF1C56E10F00AD833A /* Info.plist */,
			);
			path = CharacterSheet;
			sourceTree = "<group>";
		};
		958CBAC71C56E10F00AD833A /* CharacterSheetTests */ = {
			isa = PBXGroup;
			children = (
				958CBAC81C56E10F00AD833A /* CharacterSheetTests.swift */,
				954167771CDD4F6700C65BDD /* InitTests.swift */,
				958CBACA1C56E10F00AD833A /* Info.plist */,
			);
			path = CharacterSheetTests;
			sourceTree = "<group>";
		};
		958CBAD21C56E11000AD833A /* CharacterSheetUITests */ = {
			isa = PBXGroup;
			children = (
				958CBAD31C56E11000AD833A /* CharacterSheetUITests.swift */,
				958CBAD51C56E11000AD833A /* Info.plist */,
			);
			path = CharacterSheetUITests;
			sourceTree = "<group>";
		};
		958CBAE11C56E15B00AD833A /* Model */ = {
			isa = PBXGroup;
			children = (
				958CBAE21C56E17900AD833A /* AScores.swift */,
				958CBAE41C56E27600AD833A /* AScore.swift */,
				95F7D61F1C73D55A00FE3D58 /* PCharacter.swift */,
				95692EB71C5AFE1700DD591D /* Race.swift */,
				95F7D6241C7405EC00FE3D58 /* PClass.swift */,
				959B70E51CD4F9B700164774 /* Subclass.swift */,
				95EDE1F01C7BEF0500554520 /* Background.swift */,
				95B029D31C601D5300DC0F3C /* DataModel.xcdatamodeld */,
				95DA20BE1C79149F001E66A2 /* SkillProfs.swift */,
				95D10E7F1C960A7400ACDAC8 /* Traits.swift */,
				954481A31CDE4EDB00AC1C82 /* OtherNotesStrings.swift */,
				9502C2F71CB6950A009DAFBA /* Features */,
				9502C2F81CB69521009DAFBA /* Inventory */,
				9502C2F61CB694F6009DAFBA /* Spells */,
			);
			name = Model;
			sourceTree = "<group>";
		};
		959B70E31CCAD6B200164774 /* Navigation */ = {
			isa = PBXGroup;
			children = (
				959B70E11CCAD67300164774 /* CSSplitViewController.swift */,
				959B70DF1CCAC57500164774 /* CSVCHandler.swift */,
				95CF73B21CA764C2005AD5C8 /* CSNavigationController.swift */,
			);
			name = Navigation;
			sourceTree = "<group>";
		};
		95A4F70A1CD6513E0094BBD4 /* AbilityScore ViewControllers */ = {
			isa = PBXGroup;
			children = (
				959370B81CA5ADD5000E5734 /* AbilityScoreViewController.swift */,
				95A4F7081CD651360094BBD4 /* AbilityScoreTableCells.swift */,
			);
			name = "AbilityScore ViewControllers";
			sourceTree = "<group>";
		};
/* End PBXGroup section */

/* Begin PBXNativeTarget section */
		958CBAAB1C56E10E00AD833A /* CharacterSheet */ = {
			isa = PBXNativeTarget;
			buildConfigurationList = 958CBAD81C56E11000AD833A /* Build configuration list for PBXNativeTarget "CharacterSheet" */;
			buildPhases = (
				958CBAA81C56E10E00AD833A /* Sources */,
				958CBAA91C56E10E00AD833A /* Frameworks */,
				958CBAAA1C56E10E00AD833A /* Resources */,
			);
			buildRules = (
			);
			dependencies = (
			);
			name = CharacterSheet;
			productName = CharacterSheet;
			productReference = 958CBAAC1C56E10E00AD833A /* CharacterSheet.app */;
			productType = "com.apple.product-type.application";
		};
		958CBAC31C56E10F00AD833A /* CharacterSheetTests */ = {
			isa = PBXNativeTarget;
			buildConfigurationList = 958CBADB1C56E11000AD833A /* Build configuration list for PBXNativeTarget "CharacterSheetTests" */;
			buildPhases = (
				958CBAC01C56E10F00AD833A /* Sources */,
				958CBAC11C56E10F00AD833A /* Frameworks */,
				958CBAC21C56E10F00AD833A /* Resources */,
			);
			buildRules = (
			);
			dependencies = (
				958CBAC61C56E10F00AD833A /* PBXTargetDependency */,
			);
			name = CharacterSheetTests;
			productName = CharacterSheetTests;
			productReference = 958CBAC41C56E10F00AD833A /* CharacterSheetTests.xctest */;
			productType = "com.apple.product-type.bundle.unit-test";
		};
		958CBACE1C56E10F00AD833A /* CharacterSheetUITests */ = {
			isa = PBXNativeTarget;
			buildConfigurationList = 958CBADE1C56E11000AD833A /* Build configuration list for PBXNativeTarget "CharacterSheetUITests" */;
			buildPhases = (
				958CBACB1C56E10F00AD833A /* Sources */,
				958CBACC1C56E10F00AD833A /* Frameworks */,
				958CBACD1C56E10F00AD833A /* Resources */,
			);
			buildRules = (
			);
			dependencies = (
				958CBAD11C56E10F00AD833A /* PBXTargetDependency */,
			);
			name = CharacterSheetUITests;
			productName = CharacterSheetUITests;
			productReference = 958CBACF1C56E10F00AD833A /* CharacterSheetUITests.xctest */;
			productType = "com.apple.product-type.bundle.ui-testing";
		};
/* End PBXNativeTarget section */

/* Begin PBXProject section */
		958CBAA41C56E10E00AD833A /* Project object */ = {
			isa = PBXProject;
			attributes = {
				LastUpgradeCheck = 0700;
				ORGANIZATIONNAME = Taylor;
				TargetAttributes = {
					958CBAAB1C56E10E00AD833A = {
						CreatedOnToolsVersion = 7.0.1;
						DevelopmentTeam = Q74732HCD9;
					};
					958CBAC31C56E10F00AD833A = {
						CreatedOnToolsVersion = 7.0.1;
						TestTargetID = 958CBAAB1C56E10E00AD833A;
					};
					958CBACE1C56E10F00AD833A = {
						CreatedOnToolsVersion = 7.0.1;
						TestTargetID = 958CBAAB1C56E10E00AD833A;
					};
				};
			};
			buildConfigurationList = 958CBAA71C56E10E00AD833A /* Build configuration list for PBXProject "CharacterSheet" */;
			compatibilityVersion = "Xcode 3.2";
			developmentRegion = English;
			hasScannedForEncodings = 0;
			knownRegions = (
				en,
				Base,
			);
			mainGroup = 958CBAA31C56E10E00AD833A;
			productRefGroup = 958CBAAD1C56E10E00AD833A /* Products */;
			projectDirPath = "";
			projectRoot = "";
			targets = (
				958CBAAB1C56E10E00AD833A /* CharacterSheet */,
				958CBAC31C56E10F00AD833A /* CharacterSheetTests */,
				958CBACE1C56E10F00AD833A /* CharacterSheetUITests */,
			);
		};
/* End PBXProject section */

/* Begin PBXResourcesBuildPhase section */
		958CBAAA1C56E10E00AD833A /* Resources */ = {
			isa = PBXResourcesBuildPhase;
			buildActionMask = 2147483647;
			files = (
				954481B01CDFFE9400AC1C82 /* ItemHeader.xib in Resources */,
				954481AE1CDFFDB300AC1C82 /* WeaponHeader.xib in Resources */,
				958CBABE1C56E10F00AD833A /* LaunchScreen.storyboard in Resources */,
				958CBABB1C56E10F00AD833A /* Assets.xcassets in Resources */,
				954481AC1CDFFC7600AC1C82 /* ArmorHeader.xib in Resources */,
				951AA0F51CB1624F00D399D5 /* PersonalSpellTableHeader.xib in Resources */,
				958CBAB91C56E10F00AD833A /* Main.storyboard in Resources */,
			);
			runOnlyForDeploymentPostprocessing = 0;
		};
		958CBAC21C56E10F00AD833A /* Resources */ = {
			isa = PBXResourcesBuildPhase;
			buildActionMask = 2147483647;
			files = (
			);
			runOnlyForDeploymentPostprocessing = 0;
		};
		958CBACD1C56E10F00AD833A /* Resources */ = {
			isa = PBXResourcesBuildPhase;
			buildActionMask = 2147483647;
			files = (
			);
			runOnlyForDeploymentPostprocessing = 0;
		};
/* End PBXResourcesBuildPhase section */

/* Begin PBXSourcesBuildPhase section */
		958CBAA81C56E10E00AD833A /* Sources */ = {
			isa = PBXSourcesBuildPhase;
			buildActionMask = 2147483647;
			files = (
				958CBAB21C56E10F00AD833A /* RootViewController.swift in Sources */,
				9502C3081CB6979C009DAFBA /* ArmorInventoryItem.swift in Sources */,
				959370B71CA5ADA2000E5734 /* SummaryViewController.swift in Sources */,
				95B029D51C601D5300DC0F3C /* DataModel.xcdatamodeld in Sources */,
				95F7D6201C73D55A00FE3D58 /* PCharacter.swift in Sources */,
				95CF73B51CA76DF2005AD5C8 /* AddSpellViewController.swift in Sources */,
				958CBAB61C56E10F00AD833A /* ModelController.swift in Sources */,
				957E15BD1C7E891900391977 /* FeaturesViewController.swift in Sources */,
				951B4AF01CB4883D008A04F2 /* InventoryViewController.swift in Sources */,
				9502C2FC1CB6954E009DAFBA /* Inventory.swift in Sources */,
				959B70E21CCAD67300164774 /* CSSplitViewController.swift in Sources */,
				9502C30C1CB7EE99009DAFBA /* AddItemTabController.swift in Sources */,
				958CBAE31C56E17900AD833A /* AScores.swift in Sources */,
				954481A51CDE4EDB00AC1C82 /* OtherNotesStrings.swift in Sources */,
				95CF73AF1CA6E863005AD5C8 /* SpellList.swift in Sources */,
				95692EB81C5AFE1700DD591D /* Race.swift in Sources */,
				9502C30A1CB6A9D7009DAFBA /* InventoryTableCells.swift in Sources */,
				95B7A5AA1C7FDB76008895CA /* FeatureList.swift in Sources */,
				95A22B691CA87A44008AA143 /* SpellTableCells.swift in Sources */,
				9502C3041CB69777009DAFBA /* WeaponInventoryItem.swift in Sources */,
				95DD0EE21C82459600D456D2 /* CharacterSelectViewController.swift in Sources */,
				95D31F081CD95DE200958F9A /* FeatureDetailViewController.swift in Sources */,
				95CF73B31CA764C2005AD5C8 /* CSNavigationController.swift in Sources */,
				95D124D01C9A57E600AC4CDF /* EditTraitViewController.swift in Sources */,
				9558A0291CA0DD160037521B /* CollectionViewCells.swift in Sources */,
				9502C3001CB69754009DAFBA /* InventoryItem.swift in Sources */,
				95E3DD901C839D42008736D1 /* Feat.swift in Sources */,
				95809ECC1CA5CF0400863E9D /* Spell.swift in Sources */,
				958CBAE51C56E27600AD833A /* AScore.swift in Sources */,
				95D10E7E1C9605EE00ACDAC8 /* TraitsViewController.swift in Sources */,
				95D10E801C960A7400ACDAC8 /* Traits.swift in Sources */,
				95DA20C01C79149F001E66A2 /* SkillProfs.swift in Sources */,
				95B7A5A61C7FDB4D008895CA /* RaceFeature.swift in Sources */,
				95F7D6261C7405EC00FE3D58 /* PClass.swift in Sources */,
				954481A71CDFDC6500AC1C82 /* SkillTableCells.swift in Sources */,
				95CF73B11CA73F46005AD5C8 /* SpellViewController.swift in Sources */,
				95A22B6D1CA9DCD4008AA143 /* PersonalSpellList.swift in Sources */,
				954481A11CDE480300AC1C82 /* OtherNotesViewController.swift in Sources */,
				95EDE1F21C7BEF0500554520 /* Background.swift in Sources */,
				95649CD91CD595FF002C58A2 /* CustomFeatViewController.swift in Sources */,
				959A30591C790AC900ED83A1 /* SkillViewController.swift in Sources */,
				9576C6831CB1F47800D130AA /* SpellDetailViewController.swift in Sources */,
				95A4F7091CD651360094BBD4 /* AbilityScoreTableCells.swift in Sources */,
				955662A81C570B8E00F5C014 /* CSViewController.swift in Sources */,
				959370B91CA5ADD5000E5734 /* AbilityScoreViewController.swift in Sources */,
				958CBAB01C56E10E00AD833A /* AppDelegate.swift in Sources */,
				95B7A5A21C7FDB27008895CA /* BackgroundFeature.swift in Sources */,
				959B70E71CD4F9B800164774 /* Subclass.swift in Sources */,
				95B7A59E1C7FD910008895CA /* Feature.swift in Sources */,
				959B70E01CCAC57600164774 /* CSVCHandler.swift in Sources */,
			);
			runOnlyForDeploymentPostprocessing = 0;
		};
		958CBAC01C56E10F00AD833A /* Sources */ = {
			isa = PBXSourcesBuildPhase;
			buildActionMask = 2147483647;
			files = (
				958CBAC91C56E10F00AD833A /* CharacterSheetTests.swift in Sources */,
				954167781CDD4F6700C65BDD /* InitTests.swift in Sources */,
			);
			runOnlyForDeploymentPostprocessing = 0;
		};
		958CBACB1C56E10F00AD833A /* Sources */ = {
			isa = PBXSourcesBuildPhase;
			buildActionMask = 2147483647;
			files = (
				958CBAD41C56E11000AD833A /* CharacterSheetUITests.swift in Sources */,
			);
			runOnlyForDeploymentPostprocessing = 0;
		};
/* End PBXSourcesBuildPhase section */

/* Begin PBXTargetDependency section */
		958CBAC61C56E10F00AD833A /* PBXTargetDependency */ = {
			isa = PBXTargetDependency;
			target = 958CBAAB1C56E10E00AD833A /* CharacterSheet */;
			targetProxy = 958CBAC51C56E10F00AD833A /* PBXContainerItemProxy */;
		};
		958CBAD11C56E10F00AD833A /* PBXTargetDependency */ = {
			isa = PBXTargetDependency;
			target = 958CBAAB1C56E10E00AD833A /* CharacterSheet */;
			targetProxy = 958CBAD01C56E10F00AD833A /* PBXContainerItemProxy */;
		};
/* End PBXTargetDependency section */

/* Begin PBXVariantGroup section */
		958CBAB71C56E10F00AD833A /* Main.storyboard */ = {
			isa = PBXVariantGroup;
			children = (
				958CBAB81C56E10F00AD833A /* Base */,
			);
			name = Main.storyboard;
			sourceTree = "<group>";
		};
		958CBABC1C56E10F00AD833A /* LaunchScreen.storyboard */ = {
			isa = PBXVariantGroup;
			children = (
				958CBABD1C56E10F00AD833A /* Base */,
			);
			name = LaunchScreen.storyboard;
			sourceTree = "<group>";
		};
/* End PBXVariantGroup section */

/* Begin XCBuildConfiguration section */
		958CBAD61C56E11000AD833A /* Debug */ = {
			isa = XCBuildConfiguration;
			buildSettings = {
				ALWAYS_SEARCH_USER_PATHS = NO;
				CLANG_CXX_LANGUAGE_STANDARD = "gnu++0x";
				CLANG_CXX_LIBRARY = "libc++";
				CLANG_ENABLE_MODULES = YES;
				CLANG_ENABLE_OBJC_ARC = YES;
				CLANG_WARN_BOOL_CONVERSION = YES;
				CLANG_WARN_CONSTANT_CONVERSION = YES;
				CLANG_WARN_DIRECT_OBJC_ISA_USAGE = YES_ERROR;
				CLANG_WARN_EMPTY_BODY = YES;
				CLANG_WARN_ENUM_CONVERSION = YES;
				CLANG_WARN_INT_CONVERSION = YES;
				CLANG_WARN_OBJC_ROOT_CLASS = YES_ERROR;
				CLANG_WARN_UNREACHABLE_CODE = YES;
				CLANG_WARN__DUPLICATE_METHOD_MATCH = YES;
				"CODE_SIGN_IDENTITY[sdk=iphoneos*]" = "iPhone Developer";
				COPY_PHASE_STRIP = NO;
				DEBUG_INFORMATION_FORMAT = dwarf;
				ENABLE_STRICT_OBJC_MSGSEND = YES;
				ENABLE_TESTABILITY = YES;
				GCC_C_LANGUAGE_STANDARD = gnu99;
				GCC_DYNAMIC_NO_PIC = NO;
				GCC_NO_COMMON_BLOCKS = YES;
				GCC_OPTIMIZATION_LEVEL = 0;
				GCC_PREPROCESSOR_DEFINITIONS = (
					"DEBUG=1",
					"$(inherited)",
				);
				GCC_WARN_64_TO_32_BIT_CONVERSION = YES;
				GCC_WARN_ABOUT_RETURN_TYPE = YES_ERROR;
				GCC_WARN_UNDECLARED_SELECTOR = YES;
				GCC_WARN_UNINITIALIZED_AUTOS = YES_AGGRESSIVE;
				GCC_WARN_UNUSED_FUNCTION = YES;
				GCC_WARN_UNUSED_VARIABLE = YES;
				IPHONEOS_DEPLOYMENT_TARGET = 9.0;
				MTL_ENABLE_DEBUG_INFO = YES;
				ONLY_ACTIVE_ARCH = YES;
				SDKROOT = iphoneos;
				SWIFT_OPTIMIZATION_LEVEL = "-Onone";
				TARGETED_DEVICE_FAMILY = "1,2";
			};
			name = Debug;
		};
		958CBAD71C56E11000AD833A /* Release */ = {
			isa = XCBuildConfiguration;
			buildSettings = {
				ALWAYS_SEARCH_USER_PATHS = NO;
				CLANG_CXX_LANGUAGE_STANDARD = "gnu++0x";
				CLANG_CXX_LIBRARY = "libc++";
				CLANG_ENABLE_MODULES = YES;
				CLANG_ENABLE_OBJC_ARC = YES;
				CLANG_WARN_BOOL_CONVERSION = YES;
				CLANG_WARN_CONSTANT_CONVERSION = YES;
				CLANG_WARN_DIRECT_OBJC_ISA_USAGE = YES_ERROR;
				CLANG_WARN_EMPTY_BODY = YES;
				CLANG_WARN_ENUM_CONVERSION = YES;
				CLANG_WARN_INT_CONVERSION = YES;
				CLANG_WARN_OBJC_ROOT_CLASS = YES_ERROR;
				CLANG_WARN_UNREACHABLE_CODE = YES;
				CLANG_WARN__DUPLICATE_METHOD_MATCH = YES;
				"CODE_SIGN_IDENTITY[sdk=iphoneos*]" = "iPhone Developer";
				COPY_PHASE_STRIP = NO;
				DEBUG_INFORMATION_FORMAT = "dwarf-with-dsym";
				ENABLE_NS_ASSERTIONS = NO;
				ENABLE_STRICT_OBJC_MSGSEND = YES;
				GCC_C_LANGUAGE_STANDARD = gnu99;
				GCC_NO_COMMON_BLOCKS = YES;
				GCC_WARN_64_TO_32_BIT_CONVERSION = YES;
				GCC_WARN_ABOUT_RETURN_TYPE = YES_ERROR;
				GCC_WARN_UNDECLARED_SELECTOR = YES;
				GCC_WARN_UNINITIALIZED_AUTOS = YES_AGGRESSIVE;
				GCC_WARN_UNUSED_FUNCTION = YES;
				GCC_WARN_UNUSED_VARIABLE = YES;
				IPHONEOS_DEPLOYMENT_TARGET = 9.0;
				MTL_ENABLE_DEBUG_INFO = NO;
				SDKROOT = iphoneos;
				TARGETED_DEVICE_FAMILY = "1,2";
				VALIDATE_PRODUCT = YES;
			};
			name = Release;
		};
		958CBAD91C56E11000AD833A /* Debug */ = {
			isa = XCBuildConfiguration;
			buildSettings = {
				ASSETCATALOG_COMPILER_APPICON_NAME = AppIcon;
				CODE_SIGN_IDENTITY = "iPhone Developer";
				"CODE_SIGN_IDENTITY[sdk=iphoneos*]" = "iPhone Developer";
				INFOPLIST_FILE = CharacterSheet/Info.plist;
				LD_RUNPATH_SEARCH_PATHS = "$(inherited) @executable_path/Frameworks";
				PRODUCT_BUNDLE_IDENTIFIER = Taylor.CharacterSheet;
				PRODUCT_NAME = "$(TARGET_NAME)";
				PROVISIONING_PROFILE = "";
			};
			name = Debug;
		};
		958CBADA1C56E11000AD833A /* Release */ = {
			isa = XCBuildConfiguration;
			buildSettings = {
				ASSETCATALOG_COMPILER_APPICON_NAME = AppIcon;
				CODE_SIGN_IDENTITY = "iPhone Developer";
				"CODE_SIGN_IDENTITY[sdk=iphoneos*]" = "iPhone Developer";
				INFOPLIST_FILE = CharacterSheet/Info.plist;
				LD_RUNPATH_SEARCH_PATHS = "$(inherited) @executable_path/Frameworks";
				PRODUCT_BUNDLE_IDENTIFIER = Taylor.CharacterSheet;
				PRODUCT_NAME = "$(TARGET_NAME)";
				PROVISIONING_PROFILE = "";
			};
			name = Release;
		};
		958CBADC1C56E11000AD833A /* Debug */ = {
			isa = XCBuildConfiguration;
			buildSettings = {
				BUNDLE_LOADER = "$(TEST_HOST)";
				INFOPLIST_FILE = CharacterSheetTests/Info.plist;
				LD_RUNPATH_SEARCH_PATHS = "$(inherited) @executable_path/Frameworks @loader_path/Frameworks";
				PRODUCT_BUNDLE_IDENTIFIER = Taylor.CharacterSheetTests;
				PRODUCT_NAME = "$(TARGET_NAME)";
				TEST_HOST = "$(BUILT_PRODUCTS_DIR)/CharacterSheet.app/CharacterSheet";
			};
			name = Debug;
		};
		958CBADD1C56E11000AD833A /* Release */ = {
			isa = XCBuildConfiguration;
			buildSettings = {
				BUNDLE_LOADER = "$(TEST_HOST)";
				INFOPLIST_FILE = CharacterSheetTests/Info.plist;
				LD_RUNPATH_SEARCH_PATHS = "$(inherited) @executable_path/Frameworks @loader_path/Frameworks";
				PRODUCT_BUNDLE_IDENTIFIER = Taylor.CharacterSheetTests;
				PRODUCT_NAME = "$(TARGET_NAME)";
				TEST_HOST = "$(BUILT_PRODUCTS_DIR)/CharacterSheet.app/CharacterSheet";
			};
			name = Release;
		};
		958CBADF1C56E11000AD833A /* Debug */ = {
			isa = XCBuildConfiguration;
			buildSettings = {
				DEFINES_MODULE = YES;
				INFOPLIST_FILE = CharacterSheetUITests/Info.plist;
				LD_RUNPATH_SEARCH_PATHS = "$(inherited) @executable_path/Frameworks @loader_path/Frameworks";
				PRODUCT_BUNDLE_IDENTIFIER = Taylor.CharacterSheetUITests;
				PRODUCT_NAME = "$(TARGET_NAME)";
				TEST_TARGET_NAME = CharacterSheet;
				USES_XCTRUNNER = YES;
			};
			name = Debug;
		};
		958CBAE01C56E11000AD833A /* Release */ = {
			isa = XCBuildConfiguration;
			buildSettings = {
				DEFINES_MODULE = YES;
				INFOPLIST_FILE = CharacterSheetUITests/Info.plist;
				LD_RUNPATH_SEARCH_PATHS = "$(inherited) @executable_path/Frameworks @loader_path/Frameworks";
				PRODUCT_BUNDLE_IDENTIFIER = Taylor.CharacterSheetUITests;
				PRODUCT_NAME = "$(TARGET_NAME)";
				TEST_TARGET_NAME = CharacterSheet;
				USES_XCTRUNNER = YES;
			};
			name = Release;
		};
/* End XCBuildConfiguration section */

/* Begin XCConfigurationList section */
		958CBAA71C56E10E00AD833A /* Build configuration list for PBXProject "CharacterSheet" */ = {
			isa = XCConfigurationList;
			buildConfigurations = (
				958CBAD61C56E11000AD833A /* Debug */,
				958CBAD71C56E11000AD833A /* Release */,
			);
			defaultConfigurationIsVisible = 0;
			defaultConfigurationName = Release;
		};
		958CBAD81C56E11000AD833A /* Build configuration list for PBXNativeTarget "CharacterSheet" */ = {
			isa = XCConfigurationList;
			buildConfigurations = (
				958CBAD91C56E11000AD833A /* Debug */,
				958CBADA1C56E11000AD833A /* Release */,
			);
			defaultConfigurationIsVisible = 0;
			defaultConfigurationName = Release;
		};
		958CBADB1C56E11000AD833A /* Build configuration list for PBXNativeTarget "CharacterSheetTests" */ = {
			isa = XCConfigurationList;
			buildConfigurations = (
				958CBADC1C56E11000AD833A /* Debug */,
				958CBADD1C56E11000AD833A /* Release */,
			);
			defaultConfigurationIsVisible = 0;
			defaultConfigurationName = Release;
		};
		958CBADE1C56E11000AD833A /* Build configuration list for PBXNativeTarget "CharacterSheetUITests" */ = {
			isa = XCConfigurationList;
			buildConfigurations = (
				958CBADF1C56E11000AD833A /* Debug */,
				958CBAE01C56E11000AD833A /* Release */,
			);
			defaultConfigurationIsVisible = 0;
			defaultConfigurationName = Release;
		};
/* End XCConfigurationList section */

/* Begin XCVersionGroup section */
		95B029D31C601D5300DC0F3C /* DataModel.xcdatamodeld */ = {
			isa = XCVersionGroup;
			children = (
				95B029D41C601D5300DC0F3C /* DataModel.xcdatamodel */,
			);
			currentVersion = 95B029D41C601D5300DC0F3C /* DataModel.xcdatamodel */;
			path = DataModel.xcdatamodeld;
			sourceTree = "<group>";
			versionGroupType = wrapper.xcdatamodel;
		};
/* End XCVersionGroup section */
	};
	rootObject = 958CBAA41C56E10E00AD833A /* Project object */;
}
